
Microsoft Visual Studio Solution File, Format Version 12.00
# Visual Studio 15
Project("{FAE04EC0-301F-11D3-BF4B-00C04F79EFBC}") = "UnityEngine.TestRunner", "UnityEngine.TestRunner.csproj", "{70451796-D228-8D78-1F4C-2408A1E34483}"
EndProject
Project("{FAE04EC0-301F-11D3-BF4B-00C04F79EFBC}") = "UnityEngine.UI", "UnityEngine.UI.csproj", "{2BE84B81-4337-4643-CD08-46ABC0E389E5}"
EndProject
Project("{FAE04EC0-301F-11D3-BF4B-00C04F79EFBC}") = "Unity.VisualScripting.Flow", "Unity.VisualScripting.Flow.csproj", "{EBA9030F-D363-286E-E908-E26764FC5844}"
EndProject
Project("{FAE04EC0-301F-11D3-BF4B-00C04F79EFBC}") = "Unity.Services.Core.Telemetry", "Unity.Services.Core.Telemetry.csproj", "{9C0AEE76-91C8-5068-CCE1-CC35AE36FDBE}"
EndProject
Project("{FAE04EC0-301F-11D3-BF4B-00C04F79EFBC}") = "Unity.InputSystem", "Unity.InputSystem.csproj", "{5FF33EA8-4681-B29B-ADB6-BFD625E3D516}"
EndProject
Project("{FAE04EC0-301F-11D3-BF4B-00C04F79EFBC}") = "Unity.VisualScripting.State", "Unity.VisualScripting.State.csproj", "{3232648C-B4BB-9DA0-5ADE-DE38309A2EE8}"
EndProject
Project("{FAE04EC0-301F-11D3-BF4B-00C04F79EFBC}") = "Unity.VisualScripting.Core", "Unity.VisualScripting.Core.csproj", "{5D88E244-169C-6193-5CDF-4824657B371F}"
EndProject
Project("{FAE04EC0-301F-11D3-BF4B-00C04F79EFBC}") = "UnityEngine.XR.LegacyInputHelpers", "UnityEngine.XR.LegacyInputHelpers.csproj", "{A09088F9-84EE-B9E5-D2EC-96A721110882}"
EndProject
Project("{FAE04EC0-301F-11D3-BF4B-00C04F79EFBC}") = "Unity.XR.Oculus", "Unity.XR.Oculus.csproj", "{EA6FA9B8-8679-F74B-5DF1-70112709C736}"
EndProject
Project("{FAE04EC0-301F-11D3-BF4B-00C04F79EFBC}") = "Unity.Services.Core.Environments.Internal", "Unity.Services.Core.Environments.Internal.csproj", "{4CEA35AC-44ED-F954-8B73-5EB23DA2E6DB}"
EndProject
Project("{FAE04EC0-301F-11D3-BF4B-00C04F79EFBC}") = "Unity.TextMeshPro", "Unity.TextMeshPro.csproj", "{3AE5D675-7587-5E2F-86EB-48959D9C430D}"
EndProject
Project("{FAE04EC0-301F-11D3-BF4B-00C04F79EFBC}") = "Unity.Timeline", "Unity.Timeline.csproj", "{7CB13678-CA7A-B35A-F4FD-0AA62ADABBE4}"
EndProject
Project("{FAE04EC0-301F-11D3-BF4B-00C04F79EFBC}") = "Unity.XR.OpenXR", "Unity.XR.OpenXR.csproj", "{7D49A62B-6CE4-029A-599C-E005A4493A88}"
EndProject
Project("{FAE04EC0-301F-11D3-BF4B-00C04F79EFBC}") = "Unity.Services.Core.Environments", "Unity.Services.Core.Environments.csproj", "{523DC3D5-FD13-2E88-F3B5-78433F336273}"
EndProject
Project("{FAE04EC0-301F-11D3-BF4B-00C04F79EFBC}") = "Unity.Services.Core.Internal", "Unity.Services.Core.Internal.csproj", "{B39B5B7E-A68C-F78C-0B3E-6467D50E08E9}"
EndProject
Project("{FAE04EC0-301F-11D3-BF4B-00C04F79EFBC}") = "Unity.Services.Core.Analytics", "Unity.Services.Core.Analytics.csproj", "{DF5E9464-3A93-E79F-ED58-C39F2D73CDEE}"
EndProject
Project("{FAE04EC0-301F-11D3-BF4B-00C04F79EFBC}") = "Unity.Services.Core.Scheduler", "Unity.Services.Core.Scheduler.csproj", "{A548FE7E-B014-D3D2-ACFC-083C7E9598C9}"
EndProject
Project("{FAE04EC0-301F-11D3-BF4B-00C04F79EFBC}") = "Unity.Services.Core.Registration", "Unity.Services.Core.Registration.csproj", "{2C00DE35-E078-6269-B3CF-16C92BCE6BE6}"
EndProject
Project("{FAE04EC0-301F-11D3-BF4B-00C04F79EFBC}") = "Unity.Services.Core.Device", "Unity.Services.Core.Device.csproj", "{BB6FB362-44F6-57BF-3259-4800ED2073D3}"
EndProject
Project("{FAE04EC0-301F-11D3-BF4B-00C04F79EFBC}") = "Unity.XR.Management", "Unity.XR.Management.csproj", "{26FC5B6C-F8CB-931A-2933-170937C6F33C}"
EndProject
Project("{FAE04EC0-301F-11D3-BF4B-00C04F79EFBC}") = "Unity.Services.Core.Threading", "Unity.Services.Core.Threading.csproj", "{A53BA7CD-F180-2873-5C4A-478E846DC57C}"
EndProject
Project("{FAE04EC0-301F-11D3-BF4B-00C04F79EFBC}") = "Unity.Services.Core.Networking", "Unity.Services.Core.Networking.csproj", "{5F354AAA-5084-309B-C259-87346427D247}"
EndProject
Project("{FAE04EC0-301F-11D3-BF4B-00C04F79EFBC}") = "Unity.Services.Core", "Unity.Services.Core.csproj", "{2F019CE3-B5CC-44C7-AFEB-D1DC1D95DDEE}"
EndProject
Project("{FAE04EC0-301F-11D3-BF4B-00C04F79EFBC}") = "Unity.XR.OpenXR.Features.RuntimeDebugger", "Unity.XR.OpenXR.Features.RuntimeDebugger.csproj", "{9AA7581B-35E5-2BC3-F9F9-7666448E32DE}"
EndProject
Project("{FAE04EC0-301F-11D3-BF4B-00C04F79EFBC}") = "UnityEngine.SpatialTracking", "UnityEngine.SpatialTracking.csproj", "{D20AF10C-38D2-7040-B96F-F60D10CCB062}"
EndProject
Project("{FAE04EC0-301F-11D3-BF4B-00C04F79EFBC}") = "Assembly-CSharp", "Assembly-CSharp.csproj", "{92296866-99CD-D98E-67E6-032E37349AFD}"
EndProject
Project("{FAE04EC0-301F-11D3-BF4B-00C04F79EFBC}") = "Unity.Services.Core.Configuration", "Unity.Services.Core.Configuration.csproj", "{66E159EC-B21A-A2D8-E98A-CDF0338201A4}"
EndProject
Project("{FAE04EC0-301F-11D3-BF4B-00C04F79EFBC}") = "Unity.Tutorials.Core", "Unity.Tutorials.Core.csproj", "{62E82AC0-6BEF-1AC9-920F-EB295032F849}"
EndProject
Project("{FAE04EC0-301F-11D3-BF4B-00C04F79EFBC}") = "Unity.XR.OpenXR.Features.ConformanceAutomation", "Unity.XR.OpenXR.Features.ConformanceAutomation.csproj", "{0C691B68-1B11-7200-14F2-4D5C56D247F0}"
EndProject
Project("{FAE04EC0-301F-11D3-BF4B-00C04F79EFBC}") = "Unity.XR.OpenXR.Features.MockRuntime", "Unity.XR.OpenXR.Features.MockRuntime.csproj", "{809DE57A-93C1-0A60-9E28-3976D5372A67}"
EndProject
Project("{FAE04EC0-301F-11D3-BF4B-00C04F79EFBC}") = "Unity.Subsystem.Registration", "Unity.Subsystem.Registration.csproj", "{24BDEEAA-F6E6-74E4-78C6-01DE783875BD}"
EndProject
Project("{FAE04EC0-301F-11D3-BF4B-00C04F79EFBC}") = "Unity.XR.OpenXR.Features.OculusQuestSupport", "Unity.XR.OpenXR.Features.OculusQuestSupport.csproj", "{5BED5426-E1A9-73A4-CFBD-F248FB0C8732}"
EndProject
Project("{FAE04EC0-301F-11D3-BF4B-00C04F79EFBC}") = "Unity.PlasticSCM.Editor", "Unity.PlasticSCM.Editor.csproj", "{A654C9D9-8C93-47AF-6A61-7A45C3A09033}"
EndProject
Project("{FAE04EC0-301F-11D3-BF4B-00C04F79EFBC}") = "Unity.VisualScripting.Core.Editor", "Unity.VisualScripting.Core.Editor.csproj", "{B5266687-9FD7-A44E-4297-AA7FAACE7A89}"
EndProject
Project("{FAE04EC0-301F-11D3-BF4B-00C04F79EFBC}") = "Unity.XR.OpenXR.Editor", "Unity.XR.OpenXR.Editor.csproj", "{2D37134A-EF3E-193B-05A6-C071AA3D4B59}"
EndProject
Project("{FAE04EC0-301F-11D3-BF4B-00C04F79EFBC}") = "Unity.VisualScripting.Flow.Editor", "Unity.VisualScripting.Flow.Editor.csproj", "{05F6EF93-1823-8843-DB26-B30C94999A3E}"
EndProject
Project("{FAE04EC0-301F-11D3-BF4B-00C04F79EFBC}") = "Unity.VisualStudio.Editor", "Unity.VisualStudio.Editor.csproj", "{127C3224-0D5D-764F-D3BF-391A8FC2149D}"
EndProject
Project("{FAE04EC0-301F-11D3-BF4B-00C04F79EFBC}") = "Unity.Timeline.Editor", "Unity.Timeline.Editor.csproj", "{C51787BD-EE63-12D6-502E-054FA8C18ACA}"
EndProject
Project("{FAE04EC0-301F-11D3-BF4B-00C04F79EFBC}") = "Unity.VisualScripting.State.Editor", "Unity.VisualScripting.State.Editor.csproj", "{F3648F96-64CD-4886-2F36-544E56C35B0E}"
EndProject
Project("{FAE04EC0-301F-11D3-BF4B-00C04F79EFBC}") = "Unity.TextMeshPro.Editor", "Unity.TextMeshPro.Editor.csproj", "{2E5AE7BF-10A6-26AE-5B08-3EAE2AC046EE}"
EndProject
Project("{FAE04EC0-301F-11D3-BF4B-00C04F79EFBC}") = "Unity.VisualScripting.SettingsProvider.Editor", "Unity.VisualScripting.SettingsProvider.Editor.csproj", "{03132091-BBCD-79AF-13E4-88333A6DB6CE}"
EndProject
Project("{FAE04EC0-301F-11D3-BF4B-00C04F79EFBC}") = "Unity.CollabProxy.Editor", "Unity.CollabProxy.Editor.csproj", "{37C9D4B6-F9FB-C0FE-1645-8D2C04FAD50C}"
EndProject
Project("{FAE04EC0-301F-11D3-BF4B-00C04F79EFBC}") = "UnityEditor.TestRunner", "UnityEditor.TestRunner.csproj", "{F7370004-52CF-0388-51F8-65CE08E8CB7A}"
EndProject
Project("{FAE04EC0-301F-11D3-BF4B-00C04F79EFBC}") = "Unity.Tutorials.Core.Editor", "Unity.Tutorials.Core.Editor.csproj", "{E5FE6104-275C-D886-D465-9188368BB33B}"
EndProject
Project("{FAE04EC0-301F-11D3-BF4B-00C04F79EFBC}") = "Unity.Services.Core.Editor", "Unity.Services.Core.Editor.csproj", "{550B13BC-074C-6F7E-9016-47E14FE5E633}"
EndProject
Project("{FAE04EC0-301F-11D3-BF4B-00C04F79EFBC}") = "Unity.TestTools.CodeCoverage.Editor", "Unity.TestTools.CodeCoverage.Editor.csproj", "{FD62B7B5-6220-06BB-D19E-83E1B5A389AF}"
EndProject
Project("{FAE04EC0-301F-11D3-BF4B-00C04F79EFBC}") = "Unity.Rider.Editor", "Unity.Rider.Editor.csproj", "{36236F3D-87EB-5641-0D1A-CF32BD537EB2}"
EndProject
Project("{FAE04EC0-301F-11D3-BF4B-00C04F79EFBC}") = "Unity.InternalAPIEditorBridge.007", "Unity.InternalAPIEditorBridge.007.csproj", "{C9FC24C3-F712-E469-B86D-675700A113C4}"
EndProject
Project("{FAE04EC0-301F-11D3-BF4B-00C04F79EFBC}") = "Unity.Performance.Profile-Analyzer.Editor", "Unity.Performance.Profile-Analyzer.Editor.csproj", "{AFD7142B-3AAD-91B0-6A11-18F311A17D8E}"
EndProject
Project("{FAE04EC0-301F-11D3-BF4B-00C04F79EFBC}") = "Unity.XR.Management.Editor", "Unity.XR.Management.Editor.csproj", "{501DDC31-9CCB-667D-BC87-3E5FC699CC6C}"
EndProject
Project("{FAE04EC0-301F-11D3-BF4B-00C04F79EFBC}") = "Unity.VSCode.Editor", "Unity.VSCode.Editor.csproj", "{51F85129-F20E-9007-3680-3092CDB3F1E1}"
EndProject
Project("{FAE04EC0-301F-11D3-BF4B-00C04F79EFBC}") = "UnityEditor.UI", "UnityEditor.UI.csproj", "{9B7AB7CA-9230-A47B-E488-EE186B10924D}"
EndProject
Project("{FAE04EC0-301F-11D3-BF4B-00C04F79EFBC}") = "Unity.TestTools.CodeCoverage.Editor.OpenCover.Model", "Unity.TestTools.CodeCoverage.Editor.OpenCover.Model.csproj", "{0D53E76F-0373-7DF6-06DB-42A82140DD42}"
EndProject
Project("{FAE04EC0-301F-11D3-BF4B-00C04F79EFBC}") = "Unity.EditorCoroutines.Editor", "Unity.EditorCoroutines.Editor.csproj", "{E36B2D25-1EB9-17FD-F129-5D2167800D85}"
EndProject
Project("{FAE04EC0-301F-11D3-BF4B-00C04F79EFBC}") = "Unity.Settings.Editor", "Unity.Settings.Editor.csproj", "{5B418315-6C10-67BC-D41A-D6BA8C4EA6F6}"
EndProject
Project("{FAE04EC0-301F-11D3-BF4B-00C04F79EFBC}") = "UnityEditor.SpatialTracking", "UnityEditor.SpatialTracking.csproj", "{074E0230-83FF-D7B3-CF92-F5177611ECF7}"
EndProject
Project("{FAE04EC0-301F-11D3-BF4B-00C04F79EFBC}") = "Unity.Services.Core.Configuration.Editor", "Unity.Services.Core.Configuration.Editor.csproj", "{2A8E6B5D-DA73-8858-AF8B-3A9E9303D26D}"
EndProject
Project("{FAE04EC0-301F-11D3-BF4B-00C04F79EFBC}") = "UnityEditor.XR.LegacyInputHelpers", "UnityEditor.XR.LegacyInputHelpers.csproj", "{A77892A7-1A4D-1125-A22D-AAD6E96D4587}"
EndProject
Project("{FAE04EC0-301F-11D3-BF4B-00C04F79EFBC}") = "Unity.XR.Oculus.Editor", "Unity.XR.Oculus.Editor.csproj", "{DCC3CDA1-AB96-544A-CB99-7C407692F2CD}"
EndProject
Project("{FAE04EC0-301F-11D3-BF4B-00C04F79EFBC}") = "Unity.InternalAPIEngineBridge.007", "Unity.InternalAPIEngineBridge.007.csproj", "{C33FD893-296E-2E24-34CB-51C3CBAB0FE5}"
EndProject
Project("{FAE04EC0-301F-11D3-BF4B-00C04F79EFBC}") = "Unity.XR.OpenXR.Features.RuntimeDebugger.Editor", "Unity.XR.OpenXR.Features.RuntimeDebugger.Editor.csproj", "{2B74829B-948E-2733-6F18-24AEF7F45E23}"
EndProject
Project("{FAE04EC0-301F-11D3-BF4B-00C04F79EFBC}") = "Unity.TestTools.CodeCoverage.Editor.OpenCover.Mono.Reflection", "Unity.TestTools.CodeCoverage.Editor.OpenCover.Mono.Reflection.csproj", "{D3B8FBB2-F3D4-79F6-5092-248CA7467E9F}"
EndProject
Project("{FAE04EC0-301F-11D3-BF4B-00C04F79EFBC}") = "Unity.VisualScripting.Shared.Editor", "Unity.VisualScripting.Shared.Editor.csproj", "{CEA76343-C3A7-0184-682D-15A3B9B022B6}"
EndProject
Project("{FAE04EC0-301F-11D3-BF4B-00C04F79EFBC}") = "Unity.XR.OpenXR.Features.OculusQuestSupport.Editor", "Unity.XR.OpenXR.Features.OculusQuestSupport.Editor.csproj", "{7FD67F60-CC91-5245-8EE0-418A71F03268}"
EndProject
Project("{FAE04EC0-301F-11D3-BF4B-00C04F79EFBC}") = "UnityEngine.TestRunner", "UnityEngine.TestRunner.Player.csproj", "{B67EADCE-0E28-6EFD-2986-69FCD0095CF4}"
EndProject
Project("{FAE04EC0-301F-11D3-BF4B-00C04F79EFBC}") = "UnityEngine.UI", "UnityEngine.UI.Player.csproj", "{96B44E25-BD33-2E7B-E84A-66072B040A19}"
EndProject
Project("{FAE04EC0-301F-11D3-BF4B-00C04F79EFBC}") = "Unity.VisualScripting.Flow", "Unity.VisualScripting.Flow.Player.csproj", "{5F1E6D45-54C5-AE1E-E551-2F9F3FA64089}"
EndProject
Project("{FAE04EC0-301F-11D3-BF4B-00C04F79EFBC}") = "Unity.Services.Core.Telemetry", "Unity.Services.Core.Telemetry.Player.csproj", "{2CB314F5-9422-CA4C-D404-964EB13E5F07}"
EndProject
Project("{FAE04EC0-301F-11D3-BF4B-00C04F79EFBC}") = "Unity.InputSystem", "Unity.InputSystem.Player.csproj", "{0946343F-ADF7-13CD-34C1-55D97B4F8063}"
EndProject
Project("{FAE04EC0-301F-11D3-BF4B-00C04F79EFBC}") = "Unity.VisualScripting.State", "Unity.VisualScripting.State.Player.csproj", "{EF97CFB1-A044-9D47-9EE1-4DE310826D7C}"
EndProject
Project("{FAE04EC0-301F-11D3-BF4B-00C04F79EFBC}") = "Unity.VisualScripting.Core", "Unity.VisualScripting.Core.Player.csproj", "{489A2728-9DEA-F0B5-F954-936B3289843F}"
EndProject
Project("{FAE04EC0-301F-11D3-BF4B-00C04F79EFBC}") = "UnityEngine.XR.LegacyInputHelpers", "UnityEngine.XR.LegacyInputHelpers.Player.csproj", "{A6586555-6A73-B5A9-A7A0-CF997FADDA08}"
EndProject
Project("{FAE04EC0-301F-11D3-BF4B-00C04F79EFBC}") = "Unity.XR.Oculus", "Unity.XR.Oculus.Player.csproj", "{D96EA09D-45F8-5AAF-C3D2-EA666DDE6BC0}"
EndProject
Project("{FAE04EC0-301F-11D3-BF4B-00C04F79EFBC}") = "Unity.Services.Core.Environments.Internal", "Unity.Services.Core.Environments.Internal.Player.csproj", "{651F30C8-DCFC-C7FD-EA05-3FBF628A903E}"
EndProject
Project("{FAE04EC0-301F-11D3-BF4B-00C04F79EFBC}") = "Unity.TextMeshPro", "Unity.TextMeshPro.Player.csproj", "{A9997F66-A189-E75A-5268-9CE64B0D182E}"
EndProject
Project("{FAE04EC0-301F-11D3-BF4B-00C04F79EFBC}") = "Unity.Timeline", "Unity.Timeline.Player.csproj", "{4559AAF9-2F40-F4E9-85F3-8C4AF2C1DFF8}"
EndProject
Project("{FAE04EC0-301F-11D3-BF4B-00C04F79EFBC}") = "Unity.XR.OpenXR", "Unity.XR.OpenXR.Player.csproj", "{3B79EA9D-B128-6D01-D52E-B6C37A6DE8C5}"
EndProject
Project("{FAE04EC0-301F-11D3-BF4B-00C04F79EFBC}") = "Unity.Services.Core.Environments", "Unity.Services.Core.Environments.Player.csproj", "{9ECFCE7F-5F1E-5ECA-ED47-1C502E350C93}"
EndProject
Project("{FAE04EC0-301F-11D3-BF4B-00C04F79EFBC}") = "Unity.Services.Core.Internal", "Unity.Services.Core.Internal.Player.csproj", "{A2280D49-E5F4-CBA0-61AD-76F384F9E0D1}"
EndProject
Project("{FAE04EC0-301F-11D3-BF4B-00C04F79EFBC}") = "Unity.Services.Core.Analytics", "Unity.Services.Core.Analytics.Player.csproj", "{9BB9501E-E4B9-D52F-291D-4C13175B6F35}"
EndProject
Project("{FAE04EC0-301F-11D3-BF4B-00C04F79EFBC}") = "Unity.Services.Core.Scheduler", "Unity.Services.Core.Scheduler.Player.csproj", "{3BB9FD85-B2AE-27D0-B658-EF3AA7346707}"
EndProject
Project("{FAE04EC0-301F-11D3-BF4B-00C04F79EFBC}") = "Unity.Services.Core.Registration", "Unity.Services.Core.Registration.Player.csproj", "{E500C91F-088E-0187-868A-B06A1A8CF15E}"
EndProject
Project("{FAE04EC0-301F-11D3-BF4B-00C04F79EFBC}") = "Unity.Services.Core.Device", "Unity.Services.Core.Device.Player.csproj", "{419CB08E-D05A-6342-BD43-1370963B695D}"
EndProject
Project("{FAE04EC0-301F-11D3-BF4B-00C04F79EFBC}") = "Unity.XR.Management", "Unity.XR.Management.Player.csproj", "{D3C56C2B-9CAF-A7BA-9856-FAEDC166F0DF}"
EndProject
Project("{FAE04EC0-301F-11D3-BF4B-00C04F79EFBC}") = "Unity.Services.Core.Threading", "Unity.Services.Core.Threading.Player.csproj", "{A44B01FD-1E3E-1A0D-C531-760544503615}"
EndProject
Project("{FAE04EC0-301F-11D3-BF4B-00C04F79EFBC}") = "Unity.Services.Core.Networking", "Unity.Services.Core.Networking.Player.csproj", "{9AEAC0AF-524B-9928-4E3D-8FE406398327}"
EndProject
Project("{FAE04EC0-301F-11D3-BF4B-00C04F79EFBC}") = "Unity.Services.Core", "Unity.Services.Core.Player.csproj", "{7F4614A4-9DFC-993B-7745-526C26647DA9}"
EndProject
Project("{FAE04EC0-301F-11D3-BF4B-00C04F79EFBC}") = "Unity.XR.OpenXR.Features.RuntimeDebugger", "Unity.XR.OpenXR.Features.RuntimeDebugger.Player.csproj", "{99A44A72-24A4-2294-E6D7-C4D7C176A966}"
EndProject
Project("{FAE04EC0-301F-11D3-BF4B-00C04F79EFBC}") = "UnityEngine.SpatialTracking", "UnityEngine.SpatialTracking.Player.csproj", "{A25A5061-DAFC-866E-1AA2-4AA343EDA636}"
EndProject
Project("{FAE04EC0-301F-11D3-BF4B-00C04F79EFBC}") = "Assembly-CSharp", "Assembly-CSharp.Player.csproj", "{43D755FF-155B-1E9C-20FE-AC7205BE6C6E}"
EndProject
Project("{FAE04EC0-301F-11D3-BF4B-00C04F79EFBC}") = "Unity.Services.Core.Configuration", "Unity.Services.Core.Configuration.Player.csproj", "{99F5EACA-FADB-3135-91A3-DDC8F27F0CDC}"
EndProject
Project("{FAE04EC0-301F-11D3-BF4B-00C04F79EFBC}") = "Unity.Tutorials.Core", "Unity.Tutorials.Core.Player.csproj", "{9D3C43FB-DA8F-4893-DE84-BE75069AFD92}"
EndProject
Project("{FAE04EC0-301F-11D3-BF4B-00C04F79EFBC}") = "Unity.XR.OpenXR.Features.ConformanceAutomation", "Unity.XR.OpenXR.Features.ConformanceAutomation.Player.csproj", "{D27467E5-D52D-9ADB-7F77-36E1B4522676}"
EndProject
Project("{FAE04EC0-301F-11D3-BF4B-00C04F79EFBC}") = "Unity.XR.OpenXR.Features.MockRuntime", "Unity.XR.OpenXR.Features.MockRuntime.Player.csproj", "{801D2AC4-5313-4684-443E-8C497DAED401}"
EndProject
Project("{FAE04EC0-301F-11D3-BF4B-00C04F79EFBC}") = "Unity.Subsystem.Registration", "Unity.Subsystem.Registration.Player.csproj", "{1CE652AA-9932-32BB-FE8A-CC1D3A42FC5E}"
EndProject
Project("{FAE04EC0-301F-11D3-BF4B-00C04F79EFBC}") = "Unity.XR.OpenXR.Features.OculusQuestSupport", "Unity.XR.OpenXR.Features.OculusQuestSupport.Player.csproj", "{2C2A20DE-3510-9306-E817-4C4761412825}"
EndProject
Global
	GlobalSection(SolutionConfigurationPlatforms) = preSolution
		Debug|Any CPU = Debug|Any CPU
		Release|Any CPU = Release|Any CPU
	EndGlobalSection
	GlobalSection(ProjectConfigurationPlatforms) = postSolution
		{70451796-D228-8D78-1F4C-2408A1E34483}.Debug|Any CPU.ActiveCfg = Debug|Any CPU
		{70451796-D228-8D78-1F4C-2408A1E34483}.Debug|Any CPU.Build.0 = Debug|Any CPU
		{70451796-D228-8D78-1F4C-2408A1E34483}.Release|Any CPU.ActiveCfg = Release|Any CPU
		{70451796-D228-8D78-1F4C-2408A1E34483}.Release|Any CPU.Build.0 = Release|Any CPU
		{2BE84B81-4337-4643-CD08-46ABC0E389E5}.Debug|Any CPU.ActiveCfg = Debug|Any CPU
		{2BE84B81-4337-4643-CD08-46ABC0E389E5}.Debug|Any CPU.Build.0 = Debug|Any CPU
		{2BE84B81-4337-4643-CD08-46ABC0E389E5}.Release|Any CPU.ActiveCfg = Release|Any CPU
		{2BE84B81-4337-4643-CD08-46ABC0E389E5}.Release|Any CPU.Build.0 = Release|Any CPU
		{EBA9030F-D363-286E-E908-E26764FC5844}.Debug|Any CPU.ActiveCfg = Debug|Any CPU
		{EBA9030F-D363-286E-E908-E26764FC5844}.Debug|Any CPU.Build.0 = Debug|Any CPU
		{EBA9030F-D363-286E-E908-E26764FC5844}.Release|Any CPU.ActiveCfg = Release|Any CPU
		{EBA9030F-D363-286E-E908-E26764FC5844}.Release|Any CPU.Build.0 = Release|Any CPU
		{9C0AEE76-91C8-5068-CCE1-CC35AE36FDBE}.Debug|Any CPU.ActiveCfg = Debug|Any CPU
		{9C0AEE76-91C8-5068-CCE1-CC35AE36FDBE}.Debug|Any CPU.Build.0 = Debug|Any CPU
		{9C0AEE76-91C8-5068-CCE1-CC35AE36FDBE}.Release|Any CPU.ActiveCfg = Release|Any CPU
		{9C0AEE76-91C8-5068-CCE1-CC35AE36FDBE}.Release|Any CPU.Build.0 = Release|Any CPU
		{5FF33EA8-4681-B29B-ADB6-BFD625E3D516}.Debug|Any CPU.ActiveCfg = Debug|Any CPU
		{5FF33EA8-4681-B29B-ADB6-BFD625E3D516}.Debug|Any CPU.Build.0 = Debug|Any CPU
		{5FF33EA8-4681-B29B-ADB6-BFD625E3D516}.Release|Any CPU.ActiveCfg = Release|Any CPU
		{5FF33EA8-4681-B29B-ADB6-BFD625E3D516}.Release|Any CPU.Build.0 = Release|Any CPU
		{3232648C-B4BB-9DA0-5ADE-DE38309A2EE8}.Debug|Any CPU.ActiveCfg = Debug|Any CPU
		{3232648C-B4BB-9DA0-5ADE-DE38309A2EE8}.Debug|Any CPU.Build.0 = Debug|Any CPU
		{3232648C-B4BB-9DA0-5ADE-DE38309A2EE8}.Release|Any CPU.ActiveCfg = Release|Any CPU
		{3232648C-B4BB-9DA0-5ADE-DE38309A2EE8}.Release|Any CPU.Build.0 = Release|Any CPU
		{5D88E244-169C-6193-5CDF-4824657B371F}.Debug|Any CPU.ActiveCfg = Debug|Any CPU
		{5D88E244-169C-6193-5CDF-4824657B371F}.Debug|Any CPU.Build.0 = Debug|Any CPU
		{5D88E244-169C-6193-5CDF-4824657B371F}.Release|Any CPU.ActiveCfg = Release|Any CPU
		{5D88E244-169C-6193-5CDF-4824657B371F}.Release|Any CPU.Build.0 = Release|Any CPU
		{A09088F9-84EE-B9E5-D2EC-96A721110882}.Debug|Any CPU.ActiveCfg = Debug|Any CPU
		{A09088F9-84EE-B9E5-D2EC-96A721110882}.Debug|Any CPU.Build.0 = Debug|Any CPU
		{A09088F9-84EE-B9E5-D2EC-96A721110882}.Release|Any CPU.ActiveCfg = Release|Any CPU
		{A09088F9-84EE-B9E5-D2EC-96A721110882}.Release|Any CPU.Build.0 = Release|Any CPU
		{EA6FA9B8-8679-F74B-5DF1-70112709C736}.Debug|Any CPU.ActiveCfg = Debug|Any CPU
		{EA6FA9B8-8679-F74B-5DF1-70112709C736}.Debug|Any CPU.Build.0 = Debug|Any CPU
		{EA6FA9B8-8679-F74B-5DF1-70112709C736}.Release|Any CPU.ActiveCfg = Release|Any CPU
		{EA6FA9B8-8679-F74B-5DF1-70112709C736}.Release|Any CPU.Build.0 = Release|Any CPU
		{4CEA35AC-44ED-F954-8B73-5EB23DA2E6DB}.Debug|Any CPU.ActiveCfg = Debug|Any CPU
		{4CEA35AC-44ED-F954-8B73-5EB23DA2E6DB}.Debug|Any CPU.Build.0 = Debug|Any CPU
		{4CEA35AC-44ED-F954-8B73-5EB23DA2E6DB}.Release|Any CPU.ActiveCfg = Release|Any CPU
		{4CEA35AC-44ED-F954-8B73-5EB23DA2E6DB}.Release|Any CPU.Build.0 = Release|Any CPU
		{3AE5D675-7587-5E2F-86EB-48959D9C430D}.Debug|Any CPU.ActiveCfg = Debug|Any CPU
		{3AE5D675-7587-5E2F-86EB-48959D9C430D}.Debug|Any CPU.Build.0 = Debug|Any CPU
		{3AE5D675-7587-5E2F-86EB-48959D9C430D}.Release|Any CPU.ActiveCfg = Release|Any CPU
		{3AE5D675-7587-5E2F-86EB-48959D9C430D}.Release|Any CPU.Build.0 = Release|Any CPU
		{7CB13678-CA7A-B35A-F4FD-0AA62ADABBE4}.Debug|Any CPU.ActiveCfg = Debug|Any CPU
		{7CB13678-CA7A-B35A-F4FD-0AA62ADABBE4}.Debug|Any CPU.Build.0 = Debug|Any CPU
		{7CB13678-CA7A-B35A-F4FD-0AA62ADABBE4}.Release|Any CPU.ActiveCfg = Release|Any CPU
		{7CB13678-CA7A-B35A-F4FD-0AA62ADABBE4}.Release|Any CPU.Build.0 = Release|Any CPU
		{7D49A62B-6CE4-029A-599C-E005A4493A88}.Debug|Any CPU.ActiveCfg = Debug|Any CPU
		{7D49A62B-6CE4-029A-599C-E005A4493A88}.Debug|Any CPU.Build.0 = Debug|Any CPU
		{7D49A62B-6CE4-029A-599C-E005A4493A88}.Release|Any CPU.ActiveCfg = Release|Any CPU
		{7D49A62B-6CE4-029A-599C-E005A4493A88}.Release|Any CPU.Build.0 = Release|Any CPU
		{523DC3D5-FD13-2E88-F3B5-78433F336273}.Debug|Any CPU.ActiveCfg = Debug|Any CPU
		{523DC3D5-FD13-2E88-F3B5-78433F336273}.Debug|Any CPU.Build.0 = Debug|Any CPU
		{523DC3D5-FD13-2E88-F3B5-78433F336273}.Release|Any CPU.ActiveCfg = Release|Any CPU
		{523DC3D5-FD13-2E88-F3B5-78433F336273}.Release|Any CPU.Build.0 = Release|Any CPU
		{B39B5B7E-A68C-F78C-0B3E-6467D50E08E9}.Debug|Any CPU.ActiveCfg = Debug|Any CPU
		{B39B5B7E-A68C-F78C-0B3E-6467D50E08E9}.Debug|Any CPU.Build.0 = Debug|Any CPU
		{B39B5B7E-A68C-F78C-0B3E-6467D50E08E9}.Release|Any CPU.ActiveCfg = Release|Any CPU
		{B39B5B7E-A68C-F78C-0B3E-6467D50E08E9}.Release|Any CPU.Build.0 = Release|Any CPU
		{DF5E9464-3A93-E79F-ED58-C39F2D73CDEE}.Debug|Any CPU.ActiveCfg = Debug|Any CPU
		{DF5E9464-3A93-E79F-ED58-C39F2D73CDEE}.Debug|Any CPU.Build.0 = Debug|Any CPU
		{DF5E9464-3A93-E79F-ED58-C39F2D73CDEE}.Release|Any CPU.ActiveCfg = Release|Any CPU
		{DF5E9464-3A93-E79F-ED58-C39F2D73CDEE}.Release|Any CPU.Build.0 = Release|Any CPU
		{A548FE7E-B014-D3D2-ACFC-083C7E9598C9}.Debug|Any CPU.ActiveCfg = Debug|Any CPU
		{A548FE7E-B014-D3D2-ACFC-083C7E9598C9}.Debug|Any CPU.Build.0 = Debug|Any CPU
		{A548FE7E-B014-D3D2-ACFC-083C7E9598C9}.Release|Any CPU.ActiveCfg = Release|Any CPU
		{A548FE7E-B014-D3D2-ACFC-083C7E9598C9}.Release|Any CPU.Build.0 = Release|Any CPU
		{2C00DE35-E078-6269-B3CF-16C92BCE6BE6}.Debug|Any CPU.ActiveCfg = Debug|Any CPU
		{2C00DE35-E078-6269-B3CF-16C92BCE6BE6}.Debug|Any CPU.Build.0 = Debug|Any CPU
		{2C00DE35-E078-6269-B3CF-16C92BCE6BE6}.Release|Any CPU.ActiveCfg = Release|Any CPU
		{2C00DE35-E078-6269-B3CF-16C92BCE6BE6}.Release|Any CPU.Build.0 = Release|Any CPU
		{BB6FB362-44F6-57BF-3259-4800ED2073D3}.Debug|Any CPU.ActiveCfg = Debug|Any CPU
		{BB6FB362-44F6-57BF-3259-4800ED2073D3}.Debug|Any CPU.Build.0 = Debug|Any CPU
		{BB6FB362-44F6-57BF-3259-4800ED2073D3}.Release|Any CPU.ActiveCfg = Release|Any CPU
		{BB6FB362-44F6-57BF-3259-4800ED2073D3}.Release|Any CPU.Build.0 = Release|Any CPU
		{26FC5B6C-F8CB-931A-2933-170937C6F33C}.Debug|Any CPU.ActiveCfg = Debug|Any CPU
		{26FC5B6C-F8CB-931A-2933-170937C6F33C}.Debug|Any CPU.Build.0 = Debug|Any CPU
		{26FC5B6C-F8CB-931A-2933-170937C6F33C}.Release|Any CPU.ActiveCfg = Release|Any CPU
		{26FC5B6C-F8CB-931A-2933-170937C6F33C}.Release|Any CPU.Build.0 = Release|Any CPU
		{A53BA7CD-F180-2873-5C4A-478E846DC57C}.Debug|Any CPU.ActiveCfg = Debug|Any CPU
		{A53BA7CD-F180-2873-5C4A-478E846DC57C}.Debug|Any CPU.Build.0 = Debug|Any CPU
		{A53BA7CD-F180-2873-5C4A-478E846DC57C}.Release|Any CPU.ActiveCfg = Release|Any CPU
		{A53BA7CD-F180-2873-5C4A-478E846DC57C}.Release|Any CPU.Build.0 = Release|Any CPU
		{5F354AAA-5084-309B-C259-87346427D247}.Debug|Any CPU.ActiveCfg = Debug|Any CPU
		{5F354AAA-5084-309B-C259-87346427D247}.Debug|Any CPU.Build.0 = Debug|Any CPU
		{5F354AAA-5084-309B-C259-87346427D247}.Release|Any CPU.ActiveCfg = Release|Any CPU
		{5F354AAA-5084-309B-C259-87346427D247}.Release|Any CPU.Build.0 = Release|Any CPU
		{2F019CE3-B5CC-44C7-AFEB-D1DC1D95DDEE}.Debug|Any CPU.ActiveCfg = Debug|Any CPU
		{2F019CE3-B5CC-44C7-AFEB-D1DC1D95DDEE}.Debug|Any CPU.Build.0 = Debug|Any CPU
		{2F019CE3-B5CC-44C7-AFEB-D1DC1D95DDEE}.Release|Any CPU.ActiveCfg = Release|Any CPU
		{2F019CE3-B5CC-44C7-AFEB-D1DC1D95DDEE}.Release|Any CPU.Build.0 = Release|Any CPU
		{9AA7581B-35E5-2BC3-F9F9-7666448E32DE}.Debug|Any CPU.ActiveCfg = Debug|Any CPU
		{9AA7581B-35E5-2BC3-F9F9-7666448E32DE}.Debug|Any CPU.Build.0 = Debug|Any CPU
		{9AA7581B-35E5-2BC3-F9F9-7666448E32DE}.Release|Any CPU.ActiveCfg = Release|Any CPU
		{9AA7581B-35E5-2BC3-F9F9-7666448E32DE}.Release|Any CPU.Build.0 = Release|Any CPU
		{D20AF10C-38D2-7040-B96F-F60D10CCB062}.Debug|Any CPU.ActiveCfg = Debug|Any CPU
		{D20AF10C-38D2-7040-B96F-F60D10CCB062}.Debug|Any CPU.Build.0 = Debug|Any CPU
		{D20AF10C-38D2-7040-B96F-F60D10CCB062}.Release|Any CPU.ActiveCfg = Release|Any CPU
		{D20AF10C-38D2-7040-B96F-F60D10CCB062}.Release|Any CPU.Build.0 = Release|Any CPU
		{92296866-99CD-D98E-67E6-032E37349AFD}.Debug|Any CPU.ActiveCfg = Debug|Any CPU
		{92296866-99CD-D98E-67E6-032E37349AFD}.Debug|Any CPU.Build.0 = Debug|Any CPU
		{92296866-99CD-D98E-67E6-032E37349AFD}.Release|Any CPU.ActiveCfg = Release|Any CPU
		{92296866-99CD-D98E-67E6-032E37349AFD}.Release|Any CPU.Build.0 = Release|Any CPU
		{66E159EC-B21A-A2D8-E98A-CDF0338201A4}.Debug|Any CPU.ActiveCfg = Debug|Any CPU
		{66E159EC-B21A-A2D8-E98A-CDF0338201A4}.Debug|Any CPU.Build.0 = Debug|Any CPU
		{66E159EC-B21A-A2D8-E98A-CDF0338201A4}.Release|Any CPU.ActiveCfg = Release|Any CPU
		{66E159EC-B21A-A2D8-E98A-CDF0338201A4}.Release|Any CPU.Build.0 = Release|Any CPU
		{62E82AC0-6BEF-1AC9-920F-EB295032F849}.Debug|Any CPU.ActiveCfg = Debug|Any CPU
		{62E82AC0-6BEF-1AC9-920F-EB295032F849}.Debug|Any CPU.Build.0 = Debug|Any CPU
		{62E82AC0-6BEF-1AC9-920F-EB295032F849}.Release|Any CPU.ActiveCfg = Release|Any CPU
		{62E82AC0-6BEF-1AC9-920F-EB295032F849}.Release|Any CPU.Build.0 = Release|Any CPU
		{0C691B68-1B11-7200-14F2-4D5C56D247F0}.Debug|Any CPU.ActiveCfg = Debug|Any CPU
		{0C691B68-1B11-7200-14F2-4D5C56D247F0}.Debug|Any CPU.Build.0 = Debug|Any CPU
		{0C691B68-1B11-7200-14F2-4D5C56D247F0}.Release|Any CPU.ActiveCfg = Release|Any CPU
		{0C691B68-1B11-7200-14F2-4D5C56D247F0}.Release|Any CPU.Build.0 = Release|Any CPU
		{809DE57A-93C1-0A60-9E28-3976D5372A67}.Debug|Any CPU.ActiveCfg = Debug|Any CPU
		{809DE57A-93C1-0A60-9E28-3976D5372A67}.Debug|Any CPU.Build.0 = Debug|Any CPU
		{809DE57A-93C1-0A60-9E28-3976D5372A67}.Release|Any CPU.ActiveCfg = Release|Any CPU
		{809DE57A-93C1-0A60-9E28-3976D5372A67}.Release|Any CPU.Build.0 = Release|Any CPU
		{24BDEEAA-F6E6-74E4-78C6-01DE783875BD}.Debug|Any CPU.ActiveCfg = Debug|Any CPU
		{24BDEEAA-F6E6-74E4-78C6-01DE783875BD}.Debug|Any CPU.Build.0 = Debug|Any CPU
		{24BDEEAA-F6E6-74E4-78C6-01DE783875BD}.Release|Any CPU.ActiveCfg = Release|Any CPU
		{24BDEEAA-F6E6-74E4-78C6-01DE783875BD}.Release|Any CPU.Build.0 = Release|Any CPU
		{5BED5426-E1A9-73A4-CFBD-F248FB0C8732}.Debug|Any CPU.ActiveCfg = Debug|Any CPU
		{5BED5426-E1A9-73A4-CFBD-F248FB0C8732}.Debug|Any CPU.Build.0 = Debug|Any CPU
		{5BED5426-E1A9-73A4-CFBD-F248FB0C8732}.Release|Any CPU.ActiveCfg = Release|Any CPU
		{5BED5426-E1A9-73A4-CFBD-F248FB0C8732}.Release|Any CPU.Build.0 = Release|Any CPU
		{A654C9D9-8C93-47AF-6A61-7A45C3A09033}.Debug|Any CPU.ActiveCfg = Debug|Any CPU
		{A654C9D9-8C93-47AF-6A61-7A45C3A09033}.Debug|Any CPU.Build.0 = Debug|Any CPU
		{A654C9D9-8C93-47AF-6A61-7A45C3A09033}.Release|Any CPU.ActiveCfg = Release|Any CPU
		{A654C9D9-8C93-47AF-6A61-7A45C3A09033}.Release|Any CPU.Build.0 = Release|Any CPU
		{B5266687-9FD7-A44E-4297-AA7FAACE7A89}.Debug|Any CPU.ActiveCfg = Debug|Any CPU
		{B5266687-9FD7-A44E-4297-AA7FAACE7A89}.Debug|Any CPU.Build.0 = Debug|Any CPU
		{B5266687-9FD7-A44E-4297-AA7FAACE7A89}.Release|Any CPU.ActiveCfg = Release|Any CPU
		{B5266687-9FD7-A44E-4297-AA7FAACE7A89}.Release|Any CPU.Build.0 = Release|Any CPU
		{2D37134A-EF3E-193B-05A6-C071AA3D4B59}.Debug|Any CPU.ActiveCfg = Debug|Any CPU
		{2D37134A-EF3E-193B-05A6-C071AA3D4B59}.Debug|Any CPU.Build.0 = Debug|Any CPU
		{2D37134A-EF3E-193B-05A6-C071AA3D4B59}.Release|Any CPU.ActiveCfg = Release|Any CPU
		{2D37134A-EF3E-193B-05A6-C071AA3D4B59}.Release|Any CPU.Build.0 = Release|Any CPU
		{05F6EF93-1823-8843-DB26-B30C94999A3E}.Debug|Any CPU.ActiveCfg = Debug|Any CPU
		{05F6EF93-1823-8843-DB26-B30C94999A3E}.Debug|Any CPU.Build.0 = Debug|Any CPU
		{05F6EF93-1823-8843-DB26-B30C94999A3E}.Release|Any CPU.ActiveCfg = Release|Any CPU
		{05F6EF93-1823-8843-DB26-B30C94999A3E}.Release|Any CPU.Build.0 = Release|Any CPU
		{127C3224-0D5D-764F-D3BF-391A8FC2149D}.Debug|Any CPU.ActiveCfg = Debug|Any CPU
		{127C3224-0D5D-764F-D3BF-391A8FC2149D}.Debug|Any CPU.Build.0 = Debug|Any CPU
		{127C3224-0D5D-764F-D3BF-391A8FC2149D}.Release|Any CPU.ActiveCfg = Release|Any CPU
		{127C3224-0D5D-764F-D3BF-391A8FC2149D}.Release|Any CPU.Build.0 = Release|Any CPU
		{C51787BD-EE63-12D6-502E-054FA8C18ACA}.Debug|Any CPU.ActiveCfg = Debug|Any CPU
		{C51787BD-EE63-12D6-502E-054FA8C18ACA}.Debug|Any CPU.Build.0 = Debug|Any CPU
		{C51787BD-EE63-12D6-502E-054FA8C18ACA}.Release|Any CPU.ActiveCfg = Release|Any CPU
		{C51787BD-EE63-12D6-502E-054FA8C18ACA}.Release|Any CPU.Build.0 = Release|Any CPU
		{F3648F96-64CD-4886-2F36-544E56C35B0E}.Debug|Any CPU.ActiveCfg = Debug|Any CPU
		{F3648F96-64CD-4886-2F36-544E56C35B0E}.Debug|Any CPU.Build.0 = Debug|Any CPU
		{F3648F96-64CD-4886-2F36-544E56C35B0E}.Release|Any CPU.ActiveCfg = Release|Any CPU
		{F3648F96-64CD-4886-2F36-544E56C35B0E}.Release|Any CPU.Build.0 = Release|Any CPU
		{2E5AE7BF-10A6-26AE-5B08-3EAE2AC046EE}.Debug|Any CPU.ActiveCfg = Debug|Any CPU
		{2E5AE7BF-10A6-26AE-5B08-3EAE2AC046EE}.Debug|Any CPU.Build.0 = Debug|Any CPU
		{2E5AE7BF-10A6-26AE-5B08-3EAE2AC046EE}.Release|Any CPU.ActiveCfg = Release|Any CPU
		{2E5AE7BF-10A6-26AE-5B08-3EAE2AC046EE}.Release|Any CPU.Build.0 = Release|Any CPU
		{03132091-BBCD-79AF-13E4-88333A6DB6CE}.Debug|Any CPU.ActiveCfg = Debug|Any CPU
		{03132091-BBCD-79AF-13E4-88333A6DB6CE}.Debug|Any CPU.Build.0 = Debug|Any CPU
		{03132091-BBCD-79AF-13E4-88333A6DB6CE}.Release|Any CPU.ActiveCfg = Release|Any CPU
		{03132091-BBCD-79AF-13E4-88333A6DB6CE}.Release|Any CPU.Build.0 = Release|Any CPU
		{37C9D4B6-F9FB-C0FE-1645-8D2C04FAD50C}.Debug|Any CPU.ActiveCfg = Debug|Any CPU
		{37C9D4B6-F9FB-C0FE-1645-8D2C04FAD50C}.Debug|Any CPU.Build.0 = Debug|Any CPU
		{37C9D4B6-F9FB-C0FE-1645-8D2C04FAD50C}.Release|Any CPU.ActiveCfg = Release|Any CPU
		{37C9D4B6-F9FB-C0FE-1645-8D2C04FAD50C}.Release|Any CPU.Build.0 = Release|Any CPU
		{F7370004-52CF-0388-51F8-65CE08E8CB7A}.Debug|Any CPU.ActiveCfg = Debug|Any CPU
		{F7370004-52CF-0388-51F8-65CE08E8CB7A}.Debug|Any CPU.Build.0 = Debug|Any CPU
		{F7370004-52CF-0388-51F8-65CE08E8CB7A}.Release|Any CPU.ActiveCfg = Release|Any CPU
		{F7370004-52CF-0388-51F8-65CE08E8CB7A}.Release|Any CPU.Build.0 = Release|Any CPU
		{E5FE6104-275C-D886-D465-9188368BB33B}.Debug|Any CPU.ActiveCfg = Debug|Any CPU
		{E5FE6104-275C-D886-D465-9188368BB33B}.Debug|Any CPU.Build.0 = Debug|Any CPU
		{E5FE6104-275C-D886-D465-9188368BB33B}.Release|Any CPU.ActiveCfg = Release|Any CPU
		{E5FE6104-275C-D886-D465-9188368BB33B}.Release|Any CPU.Build.0 = Release|Any CPU
		{550B13BC-074C-6F7E-9016-47E14FE5E633}.Debug|Any CPU.ActiveCfg = Debug|Any CPU
		{550B13BC-074C-6F7E-9016-47E14FE5E633}.Debug|Any CPU.Build.0 = Debug|Any CPU
		{550B13BC-074C-6F7E-9016-47E14FE5E633}.Release|Any CPU.ActiveCfg = Release|Any CPU
		{550B13BC-074C-6F7E-9016-47E14FE5E633}.Release|Any CPU.Build.0 = Release|Any CPU
		{FD62B7B5-6220-06BB-D19E-83E1B5A389AF}.Debug|Any CPU.ActiveCfg = Debug|Any CPU
		{FD62B7B5-6220-06BB-D19E-83E1B5A389AF}.Debug|Any CPU.Build.0 = Debug|Any CPU
		{FD62B7B5-6220-06BB-D19E-83E1B5A389AF}.Release|Any CPU.ActiveCfg = Release|Any CPU
		{FD62B7B5-6220-06BB-D19E-83E1B5A389AF}.Release|Any CPU.Build.0 = Release|Any CPU
		{36236F3D-87EB-5641-0D1A-CF32BD537EB2}.Debug|Any CPU.ActiveCfg = Debug|Any CPU
		{36236F3D-87EB-5641-0D1A-CF32BD537EB2}.Debug|Any CPU.Build.0 = Debug|Any CPU
		{36236F3D-87EB-5641-0D1A-CF32BD537EB2}.Release|Any CPU.ActiveCfg = Release|Any CPU
		{36236F3D-87EB-5641-0D1A-CF32BD537EB2}.Release|Any CPU.Build.0 = Release|Any CPU
		{C9FC24C3-F712-E469-B86D-675700A113C4}.Debug|Any CPU.ActiveCfg = Debug|Any CPU
		{C9FC24C3-F712-E469-B86D-675700A113C4}.Debug|Any CPU.Build.0 = Debug|Any CPU
		{C9FC24C3-F712-E469-B86D-675700A113C4}.Release|Any CPU.ActiveCfg = Release|Any CPU
		{C9FC24C3-F712-E469-B86D-675700A113C4}.Release|Any CPU.Build.0 = Release|Any CPU
		{AFD7142B-3AAD-91B0-6A11-18F311A17D8E}.Debug|Any CPU.ActiveCfg = Debug|Any CPU
		{AFD7142B-3AAD-91B0-6A11-18F311A17D8E}.Debug|Any CPU.Build.0 = Debug|Any CPU
		{AFD7142B-3AAD-91B0-6A11-18F311A17D8E}.Release|Any CPU.ActiveCfg = Release|Any CPU
		{AFD7142B-3AAD-91B0-6A11-18F311A17D8E}.Release|Any CPU.Build.0 = Release|Any CPU
		{501DDC31-9CCB-667D-BC87-3E5FC699CC6C}.Debug|Any CPU.ActiveCfg = Debug|Any CPU
		{501DDC31-9CCB-667D-BC87-3E5FC699CC6C}.Debug|Any CPU.Build.0 = Debug|Any CPU
		{501DDC31-9CCB-667D-BC87-3E5FC699CC6C}.Release|Any CPU.ActiveCfg = Release|Any CPU
		{501DDC31-9CCB-667D-BC87-3E5FC699CC6C}.Release|Any CPU.Build.0 = Release|Any CPU
		{51F85129-F20E-9007-3680-3092CDB3F1E1}.Debug|Any CPU.ActiveCfg = Debug|Any CPU
		{51F85129-F20E-9007-3680-3092CDB3F1E1}.Debug|Any CPU.Build.0 = Debug|Any CPU
		{51F85129-F20E-9007-3680-3092CDB3F1E1}.Release|Any CPU.ActiveCfg = Release|Any CPU
		{51F85129-F20E-9007-3680-3092CDB3F1E1}.Release|Any CPU.Build.0 = Release|Any CPU
		{9B7AB7CA-9230-A47B-E488-EE186B10924D}.Debug|Any CPU.ActiveCfg = Debug|Any CPU
		{9B7AB7CA-9230-A47B-E488-EE186B10924D}.Debug|Any CPU.Build.0 = Debug|Any CPU
		{9B7AB7CA-9230-A47B-E488-EE186B10924D}.Release|Any CPU.ActiveCfg = Release|Any CPU
		{9B7AB7CA-9230-A47B-E488-EE186B10924D}.Release|Any CPU.Build.0 = Release|Any CPU
		{0D53E76F-0373-7DF6-06DB-42A82140DD42}.Debug|Any CPU.ActiveCfg = Debug|Any CPU
		{0D53E76F-0373-7DF6-06DB-42A82140DD42}.Debug|Any CPU.Build.0 = Debug|Any CPU
		{0D53E76F-0373-7DF6-06DB-42A82140DD42}.Release|Any CPU.ActiveCfg = Release|Any CPU
		{0D53E76F-0373-7DF6-06DB-42A82140DD42}.Release|Any CPU.Build.0 = Release|Any CPU
		{E36B2D25-1EB9-17FD-F129-5D2167800D85}.Debug|Any CPU.ActiveCfg = Debug|Any CPU
		{E36B2D25-1EB9-17FD-F129-5D2167800D85}.Debug|Any CPU.Build.0 = Debug|Any CPU
		{E36B2D25-1EB9-17FD-F129-5D2167800D85}.Release|Any CPU.ActiveCfg = Release|Any CPU
		{E36B2D25-1EB9-17FD-F129-5D2167800D85}.Release|Any CPU.Build.0 = Release|Any CPU
		{5B418315-6C10-67BC-D41A-D6BA8C4EA6F6}.Debug|Any CPU.ActiveCfg = Debug|Any CPU
		{5B418315-6C10-67BC-D41A-D6BA8C4EA6F6}.Debug|Any CPU.Build.0 = Debug|Any CPU
		{5B418315-6C10-67BC-D41A-D6BA8C4EA6F6}.Release|Any CPU.ActiveCfg = Release|Any CPU
		{5B418315-6C10-67BC-D41A-D6BA8C4EA6F6}.Release|Any CPU.Build.0 = Release|Any CPU
		{074E0230-83FF-D7B3-CF92-F5177611ECF7}.Debug|Any CPU.ActiveCfg = Debug|Any CPU
		{074E0230-83FF-D7B3-CF92-F5177611ECF7}.Debug|Any CPU.Build.0 = Debug|Any CPU
		{074E0230-83FF-D7B3-CF92-F5177611ECF7}.Release|Any CPU.ActiveCfg = Release|Any CPU
		{074E0230-83FF-D7B3-CF92-F5177611ECF7}.Release|Any CPU.Build.0 = Release|Any CPU
		{2A8E6B5D-DA73-8858-AF8B-3A9E9303D26D}.Debug|Any CPU.ActiveCfg = Debug|Any CPU
		{2A8E6B5D-DA73-8858-AF8B-3A9E9303D26D}.Debug|Any CPU.Build.0 = Debug|Any CPU
		{2A8E6B5D-DA73-8858-AF8B-3A9E9303D26D}.Release|Any CPU.ActiveCfg = Release|Any CPU
		{2A8E6B5D-DA73-8858-AF8B-3A9E9303D26D}.Release|Any CPU.Build.0 = Release|Any CPU
		{A77892A7-1A4D-1125-A22D-AAD6E96D4587}.Debug|Any CPU.ActiveCfg = Debug|Any CPU
		{A77892A7-1A4D-1125-A22D-AAD6E96D4587}.Debug|Any CPU.Build.0 = Debug|Any CPU
		{A77892A7-1A4D-1125-A22D-AAD6E96D4587}.Release|Any CPU.ActiveCfg = Release|Any CPU
		{A77892A7-1A4D-1125-A22D-AAD6E96D4587}.Release|Any CPU.Build.0 = Release|Any CPU
		{DCC3CDA1-AB96-544A-CB99-7C407692F2CD}.Debug|Any CPU.ActiveCfg = Debug|Any CPU
		{DCC3CDA1-AB96-544A-CB99-7C407692F2CD}.Debug|Any CPU.Build.0 = Debug|Any CPU
		{DCC3CDA1-AB96-544A-CB99-7C407692F2CD}.Release|Any CPU.ActiveCfg = Release|Any CPU
		{DCC3CDA1-AB96-544A-CB99-7C407692F2CD}.Release|Any CPU.Build.0 = Release|Any CPU
		{C33FD893-296E-2E24-34CB-51C3CBAB0FE5}.Debug|Any CPU.ActiveCfg = Debug|Any CPU
		{C33FD893-296E-2E24-34CB-51C3CBAB0FE5}.Debug|Any CPU.Build.0 = Debug|Any CPU
		{C33FD893-296E-2E24-34CB-51C3CBAB0FE5}.Release|Any CPU.ActiveCfg = Release|Any CPU
		{C33FD893-296E-2E24-34CB-51C3CBAB0FE5}.Release|Any CPU.Build.0 = Release|Any CPU
		{2B74829B-948E-2733-6F18-24AEF7F45E23}.Debug|Any CPU.ActiveCfg = Debug|Any CPU
		{2B74829B-948E-2733-6F18-24AEF7F45E23}.Debug|Any CPU.Build.0 = Debug|Any CPU
		{2B74829B-948E-2733-6F18-24AEF7F45E23}.Release|Any CPU.ActiveCfg = Release|Any CPU
		{2B74829B-948E-2733-6F18-24AEF7F45E23}.Release|Any CPU.Build.0 = Release|Any CPU
		{D3B8FBB2-F3D4-79F6-5092-248CA7467E9F}.Debug|Any CPU.ActiveCfg = Debug|Any CPU
		{D3B8FBB2-F3D4-79F6-5092-248CA7467E9F}.Debug|Any CPU.Build.0 = Debug|Any CPU
		{D3B8FBB2-F3D4-79F6-5092-248CA7467E9F}.Release|Any CPU.ActiveCfg = Release|Any CPU
		{D3B8FBB2-F3D4-79F6-5092-248CA7467E9F}.Release|Any CPU.Build.0 = Release|Any CPU
		{CEA76343-C3A7-0184-682D-15A3B9B022B6}.Debug|Any CPU.ActiveCfg = Debug|Any CPU
		{CEA76343-C3A7-0184-682D-15A3B9B022B6}.Debug|Any CPU.Build.0 = Debug|Any CPU
		{CEA76343-C3A7-0184-682D-15A3B9B022B6}.Release|Any CPU.ActiveCfg = Release|Any CPU
		{CEA76343-C3A7-0184-682D-15A3B9B022B6}.Release|Any CPU.Build.0 = Release|Any CPU
		{7FD67F60-CC91-5245-8EE0-418A71F03268}.Debug|Any CPU.ActiveCfg = Debug|Any CPU
		{7FD67F60-CC91-5245-8EE0-418A71F03268}.Debug|Any CPU.Build.0 = Debug|Any CPU
		{7FD67F60-CC91-5245-8EE0-418A71F03268}.Release|Any CPU.ActiveCfg = Release|Any CPU
		{7FD67F60-CC91-5245-8EE0-418A71F03268}.Release|Any CPU.Build.0 = Release|Any CPU
		{B67EADCE-0E28-6EFD-2986-69FCD0095CF4}.Debug|Any CPU.ActiveCfg = Debug|Any CPU
		{B67EADCE-0E28-6EFD-2986-69FCD0095CF4}.Debug|Any CPU.Build.0 = Debug|Any CPU
		{B67EADCE-0E28-6EFD-2986-69FCD0095CF4}.Release|Any CPU.ActiveCfg = Release|Any CPU
		{B67EADCE-0E28-6EFD-2986-69FCD0095CF4}.Release|Any CPU.Build.0 = Release|Any CPU
		{96B44E25-BD33-2E7B-E84A-66072B040A19}.Debug|Any CPU.ActiveCfg = Debug|Any CPU
		{96B44E25-BD33-2E7B-E84A-66072B040A19}.Debug|Any CPU.Build.0 = Debug|Any CPU
		{96B44E25-BD33-2E7B-E84A-66072B040A19}.Release|Any CPU.ActiveCfg = Release|Any CPU
		{96B44E25-BD33-2E7B-E84A-66072B040A19}.Release|Any CPU.Build.0 = Release|Any CPU
		{5F1E6D45-54C5-AE1E-E551-2F9F3FA64089}.Debug|Any CPU.ActiveCfg = Debug|Any CPU
		{5F1E6D45-54C5-AE1E-E551-2F9F3FA64089}.Debug|Any CPU.Build.0 = Debug|Any CPU
		{5F1E6D45-54C5-AE1E-E551-2F9F3FA64089}.Release|Any CPU.ActiveCfg = Release|Any CPU
		{5F1E6D45-54C5-AE1E-E551-2F9F3FA64089}.Release|Any CPU.Build.0 = Release|Any CPU
		{2CB314F5-9422-CA4C-D404-964EB13E5F07}.Debug|Any CPU.ActiveCfg = Debug|Any CPU
		{2CB314F5-9422-CA4C-D404-964EB13E5F07}.Debug|Any CPU.Build.0 = Debug|Any CPU
		{2CB314F5-9422-CA4C-D404-964EB13E5F07}.Release|Any CPU.ActiveCfg = Release|Any CPU
		{2CB314F5-9422-CA4C-D404-964EB13E5F07}.Release|Any CPU.Build.0 = Release|Any CPU
		{0946343F-ADF7-13CD-34C1-55D97B4F8063}.Debug|Any CPU.ActiveCfg = Debug|Any CPU
		{0946343F-ADF7-13CD-34C1-55D97B4F8063}.Debug|Any CPU.Build.0 = Debug|Any CPU
		{0946343F-ADF7-13CD-34C1-55D97B4F8063}.Release|Any CPU.ActiveCfg = Release|Any CPU
		{0946343F-ADF7-13CD-34C1-55D97B4F8063}.Release|Any CPU.Build.0 = Release|Any CPU
		{EF97CFB1-A044-9D47-9EE1-4DE310826D7C}.Debug|Any CPU.ActiveCfg = Debug|Any CPU
		{EF97CFB1-A044-9D47-9EE1-4DE310826D7C}.Debug|Any CPU.Build.0 = Debug|Any CPU
		{EF97CFB1-A044-9D47-9EE1-4DE310826D7C}.Release|Any CPU.ActiveCfg = Release|Any CPU
		{EF97CFB1-A044-9D47-9EE1-4DE310826D7C}.Release|Any CPU.Build.0 = Release|Any CPU
		{489A2728-9DEA-F0B5-F954-936B3289843F}.Debug|Any CPU.ActiveCfg = Debug|Any CPU
		{489A2728-9DEA-F0B5-F954-936B3289843F}.Debug|Any CPU.Build.0 = Debug|Any CPU
		{489A2728-9DEA-F0B5-F954-936B3289843F}.Release|Any CPU.ActiveCfg = Release|Any CPU
		{489A2728-9DEA-F0B5-F954-936B3289843F}.Release|Any CPU.Build.0 = Release|Any CPU
		{A6586555-6A73-B5A9-A7A0-CF997FADDA08}.Debug|Any CPU.ActiveCfg = Debug|Any CPU
		{A6586555-6A73-B5A9-A7A0-CF997FADDA08}.Debug|Any CPU.Build.0 = Debug|Any CPU
		{A6586555-6A73-B5A9-A7A0-CF997FADDA08}.Release|Any CPU.ActiveCfg = Release|Any CPU
		{A6586555-6A73-B5A9-A7A0-CF997FADDA08}.Release|Any CPU.Build.0 = Release|Any CPU
		{D96EA09D-45F8-5AAF-C3D2-EA666DDE6BC0}.Debug|Any CPU.ActiveCfg = Debug|Any CPU
		{D96EA09D-45F8-5AAF-C3D2-EA666DDE6BC0}.Debug|Any CPU.Build.0 = Debug|Any CPU
		{D96EA09D-45F8-5AAF-C3D2-EA666DDE6BC0}.Release|Any CPU.ActiveCfg = Release|Any CPU
		{D96EA09D-45F8-5AAF-C3D2-EA666DDE6BC0}.Release|Any CPU.Build.0 = Release|Any CPU
		{651F30C8-DCFC-C7FD-EA05-3FBF628A903E}.Debug|Any CPU.ActiveCfg = Debug|Any CPU
		{651F30C8-DCFC-C7FD-EA05-3FBF628A903E}.Debug|Any CPU.Build.0 = Debug|Any CPU
		{651F30C8-DCFC-C7FD-EA05-3FBF628A903E}.Release|Any CPU.ActiveCfg = Release|Any CPU
		{651F30C8-DCFC-C7FD-EA05-3FBF628A903E}.Release|Any CPU.Build.0 = Release|Any CPU
		{A9997F66-A189-E75A-5268-9CE64B0D182E}.Debug|Any CPU.ActiveCfg = Debug|Any CPU
		{A9997F66-A189-E75A-5268-9CE64B0D182E}.Debug|Any CPU.Build.0 = Debug|Any CPU
		{A9997F66-A189-E75A-5268-9CE64B0D182E}.Release|Any CPU.ActiveCfg = Release|Any CPU
		{A9997F66-A189-E75A-5268-9CE64B0D182E}.Release|Any CPU.Build.0 = Release|Any CPU
		{4559AAF9-2F40-F4E9-85F3-8C4AF2C1DFF8}.Debug|Any CPU.ActiveCfg = Debug|Any CPU
		{4559AAF9-2F40-F4E9-85F3-8C4AF2C1DFF8}.Debug|Any CPU.Build.0 = Debug|Any CPU
		{4559AAF9-2F40-F4E9-85F3-8C4AF2C1DFF8}.Release|Any CPU.ActiveCfg = Release|Any CPU
		{4559AAF9-2F40-F4E9-85F3-8C4AF2C1DFF8}.Release|Any CPU.Build.0 = Release|Any CPU
		{3B79EA9D-B128-6D01-D52E-B6C37A6DE8C5}.Debug|Any CPU.ActiveCfg = Debug|Any CPU
		{3B79EA9D-B128-6D01-D52E-B6C37A6DE8C5}.Debug|Any CPU.Build.0 = Debug|Any CPU
		{3B79EA9D-B128-6D01-D52E-B6C37A6DE8C5}.Release|Any CPU.ActiveCfg = Release|Any CPU
		{3B79EA9D-B128-6D01-D52E-B6C37A6DE8C5}.Release|Any CPU.Build.0 = Release|Any CPU
		{9ECFCE7F-5F1E-5ECA-ED47-1C502E350C93}.Debug|Any CPU.ActiveCfg = Debug|Any CPU
		{9ECFCE7F-5F1E-5ECA-ED47-1C502E350C93}.Debug|Any CPU.Build.0 = Debug|Any CPU
		{9ECFCE7F-5F1E-5ECA-ED47-1C502E350C93}.Release|Any CPU.ActiveCfg = Release|Any CPU
		{9ECFCE7F-5F1E-5ECA-ED47-1C502E350C93}.Release|Any CPU.Build.0 = Release|Any CPU
		{A2280D49-E5F4-CBA0-61AD-76F384F9E0D1}.Debug|Any CPU.ActiveCfg = Debug|Any CPU
		{A2280D49-E5F4-CBA0-61AD-76F384F9E0D1}.Debug|Any CPU.Build.0 = Debug|Any CPU
		{A2280D49-E5F4-CBA0-61AD-76F384F9E0D1}.Release|Any CPU.ActiveCfg = Release|Any CPU
		{A2280D49-E5F4-CBA0-61AD-76F384F9E0D1}.Release|Any CPU.Build.0 = Release|Any CPU
		{9BB9501E-E4B9-D52F-291D-4C13175B6F35}.Debug|Any CPU.ActiveCfg = Debug|Any CPU
		{9BB9501E-E4B9-D52F-291D-4C13175B6F35}.Debug|Any CPU.Build.0 = Debug|Any CPU
		{9BB9501E-E4B9-D52F-291D-4C13175B6F35}.Release|Any CPU.ActiveCfg = Release|Any CPU
		{9BB9501E-E4B9-D52F-291D-4C13175B6F35}.Release|Any CPU.Build.0 = Release|Any CPU
		{3BB9FD85-B2AE-27D0-B658-EF3AA7346707}.Debug|Any CPU.ActiveCfg = Debug|Any CPU
		{3BB9FD85-B2AE-27D0-B658-EF3AA7346707}.Debug|Any CPU.Build.0 = Debug|Any CPU
		{3BB9FD85-B2AE-27D0-B658-EF3AA7346707}.Release|Any CPU.ActiveCfg = Release|Any CPU
		{3BB9FD85-B2AE-27D0-B658-EF3AA7346707}.Release|Any CPU.Build.0 = Release|Any CPU
		{E500C91F-088E-0187-868A-B06A1A8CF15E}.Debug|Any CPU.ActiveCfg = Debug|Any CPU
		{E500C91F-088E-0187-868A-B06A1A8CF15E}.Debug|Any CPU.Build.0 = Debug|Any CPU
		{E500C91F-088E-0187-868A-B06A1A8CF15E}.Release|Any CPU.ActiveCfg = Release|Any CPU
		{E500C91F-088E-0187-868A-B06A1A8CF15E}.Release|Any CPU.Build.0 = Release|Any CPU
		{419CB08E-D05A-6342-BD43-1370963B695D}.Debug|Any CPU.ActiveCfg = Debug|Any CPU
		{419CB08E-D05A-6342-BD43-1370963B695D}.Debug|Any CPU.Build.0 = Debug|Any CPU
		{419CB08E-D05A-6342-BD43-1370963B695D}.Release|Any CPU.ActiveCfg = Release|Any CPU
		{419CB08E-D05A-6342-BD43-1370963B695D}.Release|Any CPU.Build.0 = Release|Any CPU
		{D3C56C2B-9CAF-A7BA-9856-FAEDC166F0DF}.Debug|Any CPU.ActiveCfg = Debug|Any CPU
		{D3C56C2B-9CAF-A7BA-9856-FAEDC166F0DF}.Debug|Any CPU.Build.0 = Debug|Any CPU
		{D3C56C2B-9CAF-A7BA-9856-FAEDC166F0DF}.Release|Any CPU.ActiveCfg = Release|Any CPU
		{D3C56C2B-9CAF-A7BA-9856-FAEDC166F0DF}.Release|Any CPU.Build.0 = Release|Any CPU
		{A44B01FD-1E3E-1A0D-C531-760544503615}.Debug|Any CPU.ActiveCfg = Debug|Any CPU
		{A44B01FD-1E3E-1A0D-C531-760544503615}.Debug|Any CPU.Build.0 = Debug|Any CPU
		{A44B01FD-1E3E-1A0D-C531-760544503615}.Release|Any CPU.ActiveCfg = Release|Any CPU
		{A44B01FD-1E3E-1A0D-C531-760544503615}.Release|Any CPU.Build.0 = Release|Any CPU
		{9AEAC0AF-524B-9928-4E3D-8FE406398327}.Debug|Any CPU.ActiveCfg = Debug|Any CPU
		{9AEAC0AF-524B-9928-4E3D-8FE406398327}.Debug|Any CPU.Build.0 = Debug|Any CPU
		{9AEAC0AF-524B-9928-4E3D-8FE406398327}.Release|Any CPU.ActiveCfg = Release|Any CPU
		{9AEAC0AF-524B-9928-4E3D-8FE406398327}.Release|Any CPU.Build.0 = Release|Any CPU
		{7F4614A4-9DFC-993B-7745-526C26647DA9}.Debug|Any CPU.ActiveCfg = Debug|Any CPU
		{7F4614A4-9DFC-993B-7745-526C26647DA9}.Debug|Any CPU.Build.0 = Debug|Any CPU
		{7F4614A4-9DFC-993B-7745-526C26647DA9}.Release|Any CPU.ActiveCfg = Release|Any CPU
		{7F4614A4-9DFC-993B-7745-526C26647DA9}.Release|Any CPU.Build.0 = Release|Any CPU
		{99A44A72-24A4-2294-E6D7-C4D7C176A966}.Debug|Any CPU.ActiveCfg = Debug|Any CPU
		{99A44A72-24A4-2294-E6D7-C4D7C176A966}.Debug|Any CPU.Build.0 = Debug|Any CPU
		{99A44A72-24A4-2294-E6D7-C4D7C176A966}.Release|Any CPU.ActiveCfg = Release|Any CPU
		{99A44A72-24A4-2294-E6D7-C4D7C176A966}.Release|Any CPU.Build.0 = Release|Any CPU
		{A25A5061-DAFC-866E-1AA2-4AA343EDA636}.Debug|Any CPU.ActiveCfg = Debug|Any CPU
		{A25A5061-DAFC-866E-1AA2-4AA343EDA636}.Debug|Any CPU.Build.0 = Debug|Any CPU
		{A25A5061-DAFC-866E-1AA2-4AA343EDA636}.Release|Any CPU.ActiveCfg = Release|Any CPU
		{A25A5061-DAFC-866E-1AA2-4AA343EDA636}.Release|Any CPU.Build.0 = Release|Any CPU
		{43D755FF-155B-1E9C-20FE-AC7205BE6C6E}.Debug|Any CPU.ActiveCfg = Debug|Any CPU
		{43D755FF-155B-1E9C-20FE-AC7205BE6C6E}.Debug|Any CPU.Build.0 = Debug|Any CPU
		{43D755FF-155B-1E9C-20FE-AC7205BE6C6E}.Release|Any CPU.ActiveCfg = Release|Any CPU
		{43D755FF-155B-1E9C-20FE-AC7205BE6C6E}.Release|Any CPU.Build.0 = Release|Any CPU
		{99F5EACA-FADB-3135-91A3-DDC8F27F0CDC}.Debug|Any CPU.ActiveCfg = Debug|Any CPU
		{99F5EACA-FADB-3135-91A3-DDC8F27F0CDC}.Debug|Any CPU.Build.0 = Debug|Any CPU
		{99F5EACA-FADB-3135-91A3-DDC8F27F0CDC}.Release|Any CPU.ActiveCfg = Release|Any CPU
		{99F5EACA-FADB-3135-91A3-DDC8F27F0CDC}.Release|Any CPU.Build.0 = Release|Any CPU
		{9D3C43FB-DA8F-4893-DE84-BE75069AFD92}.Debug|Any CPU.ActiveCfg = Debug|Any CPU
		{9D3C43FB-DA8F-4893-DE84-BE75069AFD92}.Debug|Any CPU.Build.0 = Debug|Any CPU
		{9D3C43FB-DA8F-4893-DE84-BE75069AFD92}.Release|Any CPU.ActiveCfg = Release|Any CPU
		{9D3C43FB-DA8F-4893-DE84-BE75069AFD92}.Release|Any CPU.Build.0 = Release|Any CPU
		{D27467E5-D52D-9ADB-7F77-36E1B4522676}.Debug|Any CPU.ActiveCfg = Debug|Any CPU
		{D27467E5-D52D-9ADB-7F77-36E1B4522676}.Debug|Any CPU.Build.0 = Debug|Any CPU
		{D27467E5-D52D-9ADB-7F77-36E1B4522676}.Release|Any CPU.ActiveCfg = Release|Any CPU
		{D27467E5-D52D-9ADB-7F77-36E1B4522676}.Release|Any CPU.Build.0 = Release|Any CPU
		{801D2AC4-5313-4684-443E-8C497DAED401}.Debug|Any CPU.ActiveCfg = Debug|Any CPU
		{801D2AC4-5313-4684-443E-8C497DAED401}.Debug|Any CPU.Build.0 = Debug|Any CPU
		{801D2AC4-5313-4684-443E-8C497DAED401}.Release|Any CPU.ActiveCfg = Release|Any CPU
		{801D2AC4-5313-4684-443E-8C497DAED401}.Release|Any CPU.Build.0 = Release|Any CPU
		{1CE652AA-9932-32BB-FE8A-CC1D3A42FC5E}.Debug|Any CPU.ActiveCfg = Debug|Any CPU
		{1CE652AA-9932-32BB-FE8A-CC1D3A42FC5E}.Debug|Any CPU.Build.0 = Debug|Any CPU
		{1CE652AA-9932-32BB-FE8A-CC1D3A42FC5E}.Release|Any CPU.ActiveCfg = Release|Any CPU
		{1CE652AA-9932-32BB-FE8A-CC1D3A42FC5E}.Release|Any CPU.Build.0 = Release|Any CPU
		{2C2A20DE-3510-9306-E817-4C4761412825}.Debug|Any CPU.ActiveCfg = Debug|Any CPU
		{2C2A20DE-3510-9306-E817-4C4761412825}.Debug|Any CPU.Build.0 = Debug|Any CPU
		{2C2A20DE-3510-9306-E817-4C4761412825}.Release|Any CPU.ActiveCfg = Release|Any CPU
		{2C2A20DE-3510-9306-E817-4C4761412825}.Release|Any CPU.Build.0 = Release|Any CPU
	EndGlobalSection
	GlobalSection(SolutionProperties) = preSolution
		HideSolutionNode = FALSE
	EndGlobalSection
EndGlobal
